
Microsoft Visual Studio Solution File, Format Version 12.00
# Visual Studio Version 16
VisualStudioVersion = 16.0.29020.237
MinimumVisualStudioVersion = 10.0.40219.1
Project("{FAE04EC0-301F-11D3-BF4B-00C04F79EFBC}") = "CSharpApp", "CSharpApp\CSharpApp.csproj", "{3B02DCEA-121E-425D-A993-D56A3BE5663D}"
EndProject
Global
	GlobalSection(SolutionConfigurationPlatforms) = preSolution
		Debug|Any CPU = Debug|Any CPU
		Release|Any CPU = Release|Any CPU
	EndGlobalSection
	GlobalSection(ProjectConfigurationPlatforms) = postSolution
		{3B02DCEA-121E-425D-A993-D56A3BE5663D}.Debug|Any CPU.ActiveCfg = Debug|Any CPU
		{3B02DCEA-121E-425D-A993-D56A3BE5663D}.Debug|Any CPU.Build.0 = Debug|Any CPU
		{3B02DCEA-121E-425D-A993-D56A3BE5663D}.Release|Any CPU.ActiveCfg = Release|Any CPU
		{3B02DCEA-121E-425D-A993-D56A3BE5663D}.Release|Any CPU.Build.0 = Release|Any CPU
	EndGlobalSection
	GlobalSection(SolutionProperties) = preSolution
		HideSolutionNode = FALSE
	EndGlobalSection
	GlobalSection(ExtensibilityGlobals) = postSolution
		SolutionGuid = {8068807C-97F9-41BA-9D21-1D3E0D528FD9}
	EndGlobalSection
EndGlobal
