
Microsoft Visual Studio Solution File, Format Version 12.00
# Visual Studio Version 16
VisualStudioVersion = 16.0.29102.190
MinimumVisualStudioVersion = 10.0.40219.1
Project("{FAE04EC0-301F-11D3-BF4B-00C04F79EFBC}") = "CellTracking_App", "CellTracking_App\CellTracking_App.csproj", "{2FA95B83-1208-4FD0-AE0E-229B7611A884}"
EndProject
Global
	GlobalSection(SolutionConfigurationPlatforms) = preSolution
		Debug|Any CPU = Debug|Any CPU
		Debug|x64 = Debug|x64
		Release|Any CPU = Release|Any CPU
		Release|x64 = Release|x64
	EndGlobalSection
	GlobalSection(ProjectConfigurationPlatforms) = postSolution
		{2FA95B83-1208-4FD0-AE0E-229B7611A884}.Debug|Any CPU.ActiveCfg = Debug|Any CPU
		{2FA95B83-1208-4FD0-AE0E-229B7611A884}.Debug|Any CPU.Build.0 = Debug|Any CPU
		{2FA95B83-1208-4FD0-AE0E-229B7611A884}.Debug|x64.ActiveCfg = Release|x64
		{2FA95B83-1208-4FD0-AE0E-229B7611A884}.Debug|x64.Build.0 = Release|x64
		{2FA95B83-1208-4FD0-AE0E-229B7611A884}.Release|Any CPU.ActiveCfg = Release|Any CPU
		{2FA95B83-1208-4FD0-AE0E-229B7611A884}.Release|Any CPU.Build.0 = Release|Any CPU
		{2FA95B83-1208-4FD0-AE0E-229B7611A884}.Release|x64.ActiveCfg = Release|x64
		{2FA95B83-1208-4FD0-AE0E-229B7611A884}.Release|x64.Build.0 = Release|x64
	EndGlobalSection
	GlobalSection(SolutionProperties) = preSolution
		HideSolutionNode = FALSE
	EndGlobalSection
	GlobalSection(ExtensibilityGlobals) = postSolution
		SolutionGuid = {7D577405-8C5B-45D1-9181-F83C6C219CD3}
	EndGlobalSection
EndGlobal
